# This file is automatically @generated by Cargo.
# It is not intended for manual editing.
[[package]]
name = "cfg-if"
version = "0.1.7"
source = "registry+https://github.com/rust-lang/crates.io-index"

[[package]]
name = "derpy"
version = "0.1.0"
dependencies = [
 "generational-arena 0.1.0 (registry+https://github.com/rust-lang/crates.io-index)",
]

[[package]]
name = "generational-arena"
version = "0.1.0"
source = "registry+https://github.com/rust-lang/crates.io-index"
dependencies = [
 "cfg-if 0.1.7 (registry+https://github.com/rust-lang/crates.io-index)",
]

[[package]]
name = "rusty-bin"
version = "0.1.0"
dependencies = [
 "derpy 0.1.0",
]

[metadata]
"checksum cfg-if 0.1.7 (registry+https://github.com/rust-lang/crates.io-index)" = "11d43355396e872eefb45ce6342e4374ed7bc2b3a502d1b28e36d6e23c05d1f4"
"checksum generational-arena 0.1.0 (registry+https://github.com/rust-lang/crates.io-index)" = "5da019d3922ddcdd0c69b9dd04d52f9812a4ea0004a83e1e082825e7eb2881d2"
